
Microsoft Visual Studio Solution File, Format Version 12.00
# Visual Studio Version 16
VisualStudioVersion = 16.0.29403.142
MinimumVisualStudioVersion = 10.0.40219.1
Project("{FAE04EC0-301F-11D3-BF4B-00C04F79EFBC}") = "GameThing", "GameThing\GameThing.csproj", "{A5F5A891-61DB-4164-9C0C-B33396EF6DD1}"
EndProject
Project("{2150E333-8FDC-42A3-9474-1A3956D46DE8}") = "Solution Items", "Solution Items", "{BA38CCA5-9153-484E-A899-4EB8CA925701}"
	ProjectSection(SolutionItems) = preProject
		.editorConfig = .editorConfig
		Documents\datafiles.txt = Documents\datafiles.txt
		Documents\game.txt = Documents\game.txt
		Documents\notes.txt = Documents\notes.txt
	EndProjectSection
EndProject
Project("{9A19103F-16F7-4668-BE54-9A1E7A4F7556}") = "GameThing.Tests", "GameThing.Tests\GameThing.Tests.csproj", "{0071F1E9-F8A2-4DA4-BC4E-8B88F92B75EA}"
EndProject
Project("{FAE04EC0-301F-11D3-BF4B-00C04F79EFBC}") = "GameThing.UI", "GameThing.UI\GameThing.UI.csproj", "{A89793D3-65B2-4C8A-9016-54B7E2E4B58B}"
EndProject
Global
	GlobalSection(SolutionConfigurationPlatforms) = preSolution
		Debug|Any CPU = Debug|Any CPU
		Release|Any CPU = Release|Any CPU
	EndGlobalSection
	GlobalSection(ProjectConfigurationPlatforms) = postSolution
		{A5F5A891-61DB-4164-9C0C-B33396EF6DD1}.Debug|Any CPU.ActiveCfg = Debug|Any CPU
		{A5F5A891-61DB-4164-9C0C-B33396EF6DD1}.Debug|Any CPU.Build.0 = Debug|Any CPU
		{A5F5A891-61DB-4164-9C0C-B33396EF6DD1}.Debug|Any CPU.Deploy.0 = Debug|Any CPU
		{A5F5A891-61DB-4164-9C0C-B33396EF6DD1}.Release|Any CPU.ActiveCfg = Release|Any CPU
		{A5F5A891-61DB-4164-9C0C-B33396EF6DD1}.Release|Any CPU.Build.0 = Release|Any CPU
		{A5F5A891-61DB-4164-9C0C-B33396EF6DD1}.Release|Any CPU.Deploy.0 = Release|Any CPU
		{0071F1E9-F8A2-4DA4-BC4E-8B88F92B75EA}.Debug|Any CPU.ActiveCfg = Debug|Any CPU
		{0071F1E9-F8A2-4DA4-BC4E-8B88F92B75EA}.Debug|Any CPU.Build.0 = Debug|Any CPU
		{0071F1E9-F8A2-4DA4-BC4E-8B88F92B75EA}.Release|Any CPU.ActiveCfg = Release|Any CPU
		{0071F1E9-F8A2-4DA4-BC4E-8B88F92B75EA}.Release|Any CPU.Build.0 = Release|Any CPU
		{A89793D3-65B2-4C8A-9016-54B7E2E4B58B}.Debug|Any CPU.ActiveCfg = Debug|Any CPU
		{A89793D3-65B2-4C8A-9016-54B7E2E4B58B}.Debug|Any CPU.Build.0 = Debug|Any CPU
		{A89793D3-65B2-4C8A-9016-54B7E2E4B58B}.Release|Any CPU.ActiveCfg = Release|Any CPU
		{A89793D3-65B2-4C8A-9016-54B7E2E4B58B}.Release|Any CPU.Build.0 = Release|Any CPU
	EndGlobalSection
	GlobalSection(SolutionProperties) = preSolution
		HideSolutionNode = FALSE
	EndGlobalSection
	GlobalSection(ExtensibilityGlobals) = postSolution
		SolutionGuid = {00AB0EDE-D0A8-4D68-A103-5EA0DD76D49B}
	EndGlobalSection
EndGlobal
